// !$*UTF8*$!
{
	archiveVersion = 1;
	classes = {
	};
	objectVersion = 46;
	objects = {

/* Begin PBXBuildFile section */
		6296E8431AABE4AA00A0FBAD /* main.m in Sources */ = {isa = PBXBuildFile; fileRef = 6296E8421AABE4AA00A0FBAD /* main.m */; };
		6296E8461AABE4AA00A0FBAD /* AppDelegate.m in Sources */ = {isa = PBXBuildFile; fileRef = 6296E8451AABE4AA00A0FBAD /* AppDelegate.m */; };
		6296E8491AABE4AA00A0FBAD /* SampleProject.xcdatamodeld in Sources */ = {isa = PBXBuildFile; fileRef = 6296E8471AABE4AA00A0FBAD /* SampleProject.xcdatamodeld */; };
		6296E84C1AABE4AA00A0FBAD /* OpportunitiesViewController.m in Sources */ = {isa = PBXBuildFile; fileRef = 6296E84B1AABE4AA00A0FBAD /* OpportunitiesViewController.m */; };
		6296E84F1AABE4AA00A0FBAD /* Main.storyboard in Resources */ = {isa = PBXBuildFile; fileRef = 6296E84D1AABE4AA00A0FBAD /* Main.storyboard */; };
		6296E8511AABE4AA00A0FBAD /* Images.xcassets in Resources */ = {isa = PBXBuildFile; fileRef = 6296E8501AABE4AA00A0FBAD /* Images.xcassets */; };
		6296E8541AABE4AA00A0FBAD /* LaunchScreen.xib in Resources */ = {isa = PBXBuildFile; fileRef = 6296E8521AABE4AA00A0FBAD /* LaunchScreen.xib */; };
		6296E8601AABE4AA00A0FBAD /* SampleProjectTests.m in Sources */ = {isa = PBXBuildFile; fileRef = 6296E85F1AABE4AA00A0FBAD /* SampleProjectTests.m */; };
		629B48071AAD0C6C008B30DB /* MenuTableViewController.m in Sources */ = {isa = PBXBuildFile; fileRef = 629B48061AAD0C6C008B30DB /* MenuTableViewController.m */; };
		629B480A1AAD22C1008B30DB /* ProfileViewController.m in Sources */ = {isa = PBXBuildFile; fileRef = 629B48091AAD22C1008B30DB /* ProfileViewController.m */; };
		629B480D1AAD22D6008B30DB /* ActivityViewController.m in Sources */ = {isa = PBXBuildFile; fileRef = 629B480C1AAD22D6008B30DB /* ActivityViewController.m */; };
		629B48101AAD22E1008B30DB /* FriendsViewController.m in Sources */ = {isa = PBXBuildFile; fileRef = 629B480F1AAD22E1008B30DB /* FriendsViewController.m */; };
		629B48131AAD22F3008B30DB /* SearchViewController.m in Sources */ = {isa = PBXBuildFile; fileRef = 629B48121AAD22F3008B30DB /* SearchViewController.m */; };
/* End PBXBuildFile section */

/* Begin PBXContainerItemProxy section */
		6296E85A1AABE4AA00A0FBAD /* PBXContainerItemProxy */ = {
			isa = PBXContainerItemProxy;
			containerPortal = 6296E8351AABE4AA00A0FBAD /* Project object */;
			proxyType = 1;
			remoteGlobalIDString = 6296E83C1AABE4AA00A0FBAD;
			remoteInfo = SampleProject;
		};
/* End PBXContainerItemProxy section */

/* Begin PBXFileReference section */
		6296E83D1AABE4AA00A0FBAD /* SampleProject.app */ = {isa = PBXFileReference; explicitFileType = wrapper.application; includeInIndex = 0; path = SampleProject.app; sourceTree = BUILT_PRODUCTS_DIR; };
		6296E8411AABE4AA00A0FBAD /* Info.plist */ = {isa = PBXFileReference; lastKnownFileType = text.plist.xml; path = Info.plist; sourceTree = "<group>"; };
		6296E8421AABE4AA00A0FBAD /* main.m */ = {isa = PBXFileReference; lastKnownFileType = sourcecode.c.objc; path = main.m; sourceTree = "<group>"; };
		6296E8441AABE4AA00A0FBAD /* AppDelegate.h */ = {isa = PBXFileReference; lastKnownFileType = sourcecode.c.h; path = AppDelegate.h; sourceTree = "<group>"; };
		6296E8451AABE4AA00A0FBAD /* AppDelegate.m */ = {isa = PBXFileReference; lastKnownFileType = sourcecode.c.objc; path = AppDelegate.m; sourceTree = "<group>"; };
		6296E8481AABE4AA00A0FBAD /* SampleProject.xcdatamodel */ = {isa = PBXFileReference; lastKnownFileType = wrapper.xcdatamodel; path = SampleProject.xcdatamodel; sourceTree = "<group>"; };
		6296E84A1AABE4AA00A0FBAD /* OpportunitiesViewController.h */ = {isa = PBXFileReference; lastKnownFileType = sourcecode.c.h; path = OpportunitiesViewController.h; sourceTree = "<group>"; };
		6296E84B1AABE4AA00A0FBAD /* OpportunitiesViewController.m */ = {isa = PBXFileReference; lastKnownFileType = sourcecode.c.objc; path = OpportunitiesViewController.m; sourceTree = "<group>"; };
		6296E84E1AABE4AA00A0FBAD /* Base */ = {isa = PBXFileReference; lastKnownFileType = file.storyboard; name = Base; path = Base.lproj/Main.storyboard; sourceTree = "<group>"; };
		6296E8501AABE4AA00A0FBAD /* Images.xcassets */ = {isa = PBXFileReference; lastKnownFileType = folder.assetcatalog; path = Images.xcassets; sourceTree = "<group>"; };
		6296E8531AABE4AA00A0FBAD /* Base */ = {isa = PBXFileReference; lastKnownFileType = file.xib; name = Base; path = Base.lproj/LaunchScreen.xib; sourceTree = "<group>"; };
		6296E8591AABE4AA00A0FBAD /* SampleProjectTests.xctest */ = {isa = PBXFileReference; explicitFileType = wrapper.cfbundle; includeInIndex = 0; path = SampleProjectTests.xctest; sourceTree = BUILT_PRODUCTS_DIR; };
		6296E85E1AABE4AA00A0FBAD /* Info.plist */ = {isa = PBXFileReference; lastKnownFileType = text.plist.xml; path = Info.plist; sourceTree = "<group>"; };
		6296E85F1AABE4AA00A0FBAD /* SampleProjectTests.m */ = {isa = PBXFileReference; lastKnownFileType = sourcecode.c.objc; path = SampleProjectTests.m; sourceTree = "<group>"; };
		629B48051AAD0C6C008B30DB /* MenuTableViewController.h */ = {isa = PBXFileReference; fileEncoding = 4; lastKnownFileType = sourcecode.c.h; path = MenuTableViewController.h; sourceTree = "<group>"; };
		629B48061AAD0C6C008B30DB /* MenuTableViewController.m */ = {isa = PBXFileReference; fileEncoding = 4; lastKnownFileType = sourcecode.c.objc; path = MenuTableViewController.m; sourceTree = "<group>"; };
		629B48081AAD22C1008B30DB /* ProfileViewController.h */ = {isa = PBXFileReference; fileEncoding = 4; lastKnownFileType = sourcecode.c.h; path = ProfileViewController.h; sourceTree = "<group>"; };
		629B48091AAD22C1008B30DB /* ProfileViewController.m */ = {isa = PBXFileReference; fileEncoding = 4; lastKnownFileType = sourcecode.c.objc; path = ProfileViewController.m; sourceTree = "<group>"; };
		629B480B1AAD22D6008B30DB /* ActivityViewController.h */ = {isa = PBXFileReference; fileEncoding = 4; lastKnownFileType = sourcecode.c.h; path = ActivityViewController.h; sourceTree = "<group>"; };
		629B480C1AAD22D6008B30DB /* ActivityViewController.m */ = {isa = PBXFileReference; fileEncoding = 4; lastKnownFileType = sourcecode.c.objc; path = ActivityViewController.m; sourceTree = "<group>"; };
		629B480E1AAD22E1008B30DB /* FriendsViewController.h */ = {isa = PBXFileReference; fileEncoding = 4; lastKnownFileType = sourcecode.c.h; path = FriendsViewController.h; sourceTree = "<group>"; };
		629B480F1AAD22E1008B30DB /* FriendsViewController.m */ = {isa = PBXFileReference; fileEncoding = 4; lastKnownFileType = sourcecode.c.objc; path = FriendsViewController.m; sourceTree = "<group>"; };
		629B48111AAD22F3008B30DB /* SearchViewController.h */ = {isa = PBXFileReference; fileEncoding = 4; lastKnownFileType = sourcecode.c.h; path = SearchViewController.h; sourceTree = "<group>"; };
		629B48121AAD22F3008B30DB /* SearchViewController.m */ = {isa = PBXFileReference; fileEncoding = 4; lastKnownFileType = sourcecode.c.objc; path = SearchViewController.m; sourceTree = "<group>"; };
/* End PBXFileReference section */

/* Begin PBXFrameworksBuildPhase section */
		6296E83A1AABE4AA00A0FBAD /* Frameworks */ = {
			isa = PBXFrameworksBuildPhase;
			buildActionMask = 2147483647;
			files = (
			);
			runOnlyForDeploymentPostprocessing = 0;
		};
		6296E8561AABE4AA00A0FBAD /* Frameworks */ = {
			isa = PBXFrameworksBuildPhase;
			buildActionMask = 2147483647;
			files = (
			);
			runOnlyForDeploymentPostprocessing = 0;
		};
/* End PBXFrameworksBuildPhase section */

/* Begin PBXGroup section */
		60919DC71AAE3E93007094D5 /* Storyboard */ = {
			isa = PBXGroup;
			children = (
				6296E84D1AABE4AA00A0FBAD /* Main.storyboard */,
			);
			name = Storyboard;
			sourceTree = "<group>";
		};
		6296E8341AABE4AA00A0FBAD = {
			isa = PBXGroup;
			children = (
				6296E83F1AABE4AA00A0FBAD /* SampleProject */,
				6296E85C1AABE4AA00A0FBAD /* SampleProjectTests */,
				6296E83E1AABE4AA00A0FBAD /* Products */,
			);
			sourceTree = "<group>";
		};
		6296E83E1AABE4AA00A0FBAD /* Products */ = {
			isa = PBXGroup;
			children = (
				6296E83D1AABE4AA00A0FBAD /* SampleProject.app */,
				6296E8591AABE4AA00A0FBAD /* SampleProjectTests.xctest */,
			);
			name = Products;
			sourceTree = "<group>";
		};
		6296E83F1AABE4AA00A0FBAD /* SampleProject */ = {
			isa = PBXGroup;
			children = (
				6296E8441AABE4AA00A0FBAD /* AppDelegate.h */,
				6296E8451AABE4AA00A0FBAD /* AppDelegate.m */,
				629B48141AAD22F7008B30DB /* ViewControllers */,
				60919DC71AAE3E93007094D5 /* Storyboard */,
				6296E8501AABE4AA00A0FBAD /* Images.xcassets */,
				6296E8521AABE4AA00A0FBAD /* LaunchScreen.xib */,
				6296E8471AABE4AA00A0FBAD /* SampleProject.xcdatamodeld */,
				6296E8401AABE4AA00A0FBAD /* Supporting Files */,
			);
			path = SampleProject;
			sourceTree = "<group>";
		};
		6296E8401AABE4AA00A0FBAD /* Supporting Files */ = {
			isa = PBXGroup;
			children = (
				6296E8411AABE4AA00A0FBAD /* Info.plist */,
				6296E8421AABE4AA00A0FBAD /* main.m */,
			);
			name = "Supporting Files";
			sourceTree = "<group>";
		};
		6296E85C1AABE4AA00A0FBAD /* SampleProjectTests */ = {
			isa = PBXGroup;
			children = (
				6296E85F1AABE4AA00A0FBAD /* SampleProjectTests.m */,
				6296E85D1AABE4AA00A0FBAD /* Supporting Files */,
			);
			path = SampleProjectTests;
			sourceTree = "<group>";
		};
		6296E85D1AABE4AA00A0FBAD /* Supporting Files */ = {
			isa = PBXGroup;
			children = (
				6296E85E1AABE4AA00A0FBAD /* Info.plist */,
			);
			name = "Supporting Files";
			sourceTree = "<group>";
		};
		629B48141AAD22F7008B30DB /* ViewControllers */ = {
			isa = PBXGroup;
			children = (
				629B48051AAD0C6C008B30DB /* MenuTableViewController.h */,
				629B48061AAD0C6C008B30DB /* MenuTableViewController.m */,
				6296E84A1AABE4AA00A0FBAD /* OpportunitiesViewController.h */,
				6296E84B1AABE4AA00A0FBAD /* OpportunitiesViewController.m */,
				629B48081AAD22C1008B30DB /* ProfileViewController.h */,
				629B48091AAD22C1008B30DB /* ProfileViewController.m */,
				629B480B1AAD22D6008B30DB /* ActivityViewController.h */,
				629B480C1AAD22D6008B30DB /* ActivityViewController.m */,
				629B480E1AAD22E1008B30DB /* FriendsViewController.h */,
				629B480F1AAD22E1008B30DB /* FriendsViewController.m */,
				629B48111AAD22F3008B30DB /* SearchViewController.h */,
				629B48121AAD22F3008B30DB /* SearchViewController.m */,
			);
			name = ViewControllers;
			sourceTree = "<group>";
		};
/* End PBXGroup section */

/* Begin PBXNativeTarget section */
		6296E83C1AABE4AA00A0FBAD /* SampleProject */ = {
			isa = PBXNativeTarget;
			buildConfigurationList = 6296E8631AABE4AA00A0FBAD /* Build configuration list for PBXNativeTarget "SampleProject" */;
			buildPhases = (
				6296E8391AABE4AA00A0FBAD /* Sources */,
				6296E83A1AABE4AA00A0FBAD /* Frameworks */,
				6296E83B1AABE4AA00A0FBAD /* Resources */,
			);
			buildRules = (
			);
			dependencies = (
			);
			name = SampleProject;
			productName = SampleProject;
			productReference = 6296E83D1AABE4AA00A0FBAD /* SampleProject.app */;
			productType = "com.apple.product-type.application";
		};
		6296E8581AABE4AA00A0FBAD /* SampleProjectTests */ = {
			isa = PBXNativeTarget;
			buildConfigurationList = 6296E8661AABE4AA00A0FBAD /* Build configuration list for PBXNativeTarget "SampleProjectTests" */;
			buildPhases = (
				6296E8551AABE4AA00A0FBAD /* Sources */,
				6296E8561AABE4AA00A0FBAD /* Frameworks */,
				6296E8571AABE4AA00A0FBAD /* Resources */,
			);
			buildRules = (
			);
			dependencies = (
				6296E85B1AABE4AA00A0FBAD /* PBXTargetDependency */,
			);
			name = SampleProjectTests;
			productName = SampleProjectTests;
			productReference = 6296E8591AABE4AA00A0FBAD /* SampleProjectTests.xctest */;
			productType = "com.apple.product-type.bundle.unit-test";
		};
/* End PBXNativeTarget section */

/* Begin PBXProject section */
		6296E8351AABE4AA00A0FBAD /* Project object */ = {
			isa = PBXProject;
			attributes = {
				LastUpgradeCheck = 0610;
				ORGANIZATIONNAME = "Mary Jenel Myers";
				TargetAttributes = {
					6296E83C1AABE4AA00A0FBAD = {
						CreatedOnToolsVersion = 6.1.1;
					};
					6296E8581AABE4AA00A0FBAD = {
						CreatedOnToolsVersion = 6.1.1;
						TestTargetID = 6296E83C1AABE4AA00A0FBAD;
					};
				};
			};
			buildConfigurationList = 6296E8381AABE4AA00A0FBAD /* Build configuration list for PBXProject "SampleProject" */;
			compatibilityVersion = "Xcode 3.2";
			developmentRegion = English;
			hasScannedForEncodings = 0;
			knownRegions = (
				en,
				Base,
			);
			mainGroup = 6296E8341AABE4AA00A0FBAD;
			productRefGroup = 6296E83E1AABE4AA00A0FBAD /* Products */;
			projectDirPath = "";
			projectRoot = "";
			targets = (
				6296E83C1AABE4AA00A0FBAD /* SampleProject */,
				6296E8581AABE4AA00A0FBAD /* SampleProjectTests */,
			);
		};
/* End PBXProject section */

/* Begin PBXResourcesBuildPhase section */
		6296E83B1AABE4AA00A0FBAD /* Resources */ = {
			isa = PBXResourcesBuildPhase;
			buildActionMask = 2147483647;
			files = (
				6296E84F1AABE4AA00A0FBAD /* Main.storyboard in Resources */,
				6296E8541AABE4AA00A0FBAD /* LaunchScreen.xib in Resources */,
				6296E8511AABE4AA00A0FBAD /* Images.xcassets in Resources */,
			);
			runOnlyForDeploymentPostprocessing = 0;
		};
		6296E8571AABE4AA00A0FBAD /* Resources */ = {
			isa = PBXResourcesBuildPhase;
			buildActionMask = 2147483647;
			files = (
			);
			runOnlyForDeploymentPostprocessing = 0;
		};
/* End PBXResourcesBuildPhase section */

/* Begin PBXSourcesBuildPhase section */
		6296E8391AABE4AA00A0FBAD /* Sources */ = {
			isa = PBXSourcesBuildPhase;
			buildActionMask = 2147483647;
			files = (
				6296E8461AABE4AA00A0FBAD /* AppDelegate.m in Sources */,
				6296E8431AABE4AA00A0FBAD /* main.m in Sources */,
				6296E84C1AABE4AA00A0FBAD /* OpportunitiesViewController.m in Sources */,
				6296E8491AABE4AA00A0FBAD /* SampleProject.xcdatamodeld in Sources */,
				629B48131AAD22F3008B30DB /* SearchViewController.m in Sources */,
				629B48101AAD22E1008B30DB /* FriendsViewController.m in Sources */,
				629B480A1AAD22C1008B30DB /* ProfileViewController.m in Sources */,
				629B480D1AAD22D6008B30DB /* ActivityViewController.m in Sources */,
				629B48071AAD0C6C008B30DB /* MenuTableViewController.m in Sources */,
			);
			runOnlyForDeploymentPostprocessing = 0;
		};
		6296E8551AABE4AA00A0FBAD /* Sources */ = {
			isa = PBXSourcesBuildPhase;
			buildActionMask = 2147483647;
			files = (
				6296E8601AABE4AA00A0FBAD /* SampleProjectTests.m in Sources */,
			);
			runOnlyForDeploymentPostprocessing = 0;
		};
/* End PBXSourcesBuildPhase section */

/* Begin PBXTargetDependency section */
		6296E85B1AABE4AA00A0FBAD /* PBXTargetDependency */ = {
			isa = PBXTargetDependency;
			target = 6296E83C1AABE4AA00A0FBAD /* SampleProject */;
			targetProxy = 6296E85A1AABE4AA00A0FBAD /* PBXContainerItemProxy */;
		};
/* End PBXTargetDependency section */

/* Begin PBXVariantGroup section */
		6296E84D1AABE4AA00A0FBAD /* Main.storyboard */ = {
			isa = PBXVariantGroup;
			children = (
				6296E84E1AABE4AA00A0FBAD /* Base */,
			);
			name = Main.storyboard;
			sourceTree = "<group>";
		};
		6296E8521AABE4AA00A0FBAD /* LaunchScreen.xib */ = {
			isa = PBXVariantGroup;
			children = (
				6296E8531AABE4AA00A0FBAD /* Base */,
			);
			name = LaunchScreen.xib;
			sourceTree = "<group>";
		};
/* End PBXVariantGroup section */

/* Begin XCBuildConfiguration section */
		6296E8611AABE4AA00A0FBAD /* Debug */ = {
			isa = XCBuildConfiguration;
			buildSettings = {
				ALWAYS_SEARCH_USER_PATHS = NO;
				CLANG_CXX_LANGUAGE_STANDARD = "gnu++0x";
				CLANG_CXX_LIBRARY = "libc++";
				CLANG_ENABLE_MODULES = YES;
				CLANG_ENABLE_OBJC_ARC = YES;
				CLANG_WARN_BOOL_CONVERSION = YES;
				CLANG_WARN_CONSTANT_CONVERSION = YES;
				CLANG_WARN_DIRECT_OBJC_ISA_USAGE = YES_ERROR;
				CLANG_WARN_EMPTY_BODY = YES;
				CLANG_WARN_ENUM_CONVERSION = YES;
				CLANG_WARN_INT_CONVERSION = YES;
				CLANG_WARN_OBJC_ROOT_CLASS = YES_ERROR;
				CLANG_WARN_UNREACHABLE_CODE = YES;
				CLANG_WARN__DUPLICATE_METHOD_MATCH = YES;
				"CODE_SIGN_IDENTITY[sdk=iphoneos*]" = "iPhone Developer";
				COPY_PHASE_STRIP = NO;
				ENABLE_STRICT_OBJC_MSGSEND = YES;
				GCC_C_LANGUAGE_STANDARD = gnu99;
				GCC_DYNAMIC_NO_PIC = NO;
				GCC_OPTIMIZATION_LEVEL = 0;
				GCC_PREPROCESSOR_DEFINITIONS = (
					"DEBUG=1",
					"$(inherited)",
				);
				GCC_SYMBOLS_PRIVATE_EXTERN = NO;
				GCC_WARN_64_TO_32_BIT_CONVERSION = YES;
				GCC_WARN_ABOUT_RETURN_TYPE = YES_ERROR;
				GCC_WARN_UNDECLARED_SELECTOR = YES;
				GCC_WARN_UNINITIALIZED_AUTOS = YES_AGGRESSIVE;
				GCC_WARN_UNUSED_FUNCTION = YES;
				GCC_WARN_UNUSED_VARIABLE = YES;
				IPHONEOS_DEPLOYMENT_TARGET = 8.1;
				MTL_ENABLE_DEBUG_INFO = YES;
				ONLY_ACTIVE_ARCH = YES;
				SDKROOT = iphoneos;
			};
			name = Debug;
		};
		6296E8621AABE4AA00A0FBAD /* Release */ = {
			isa = XCBuildConfiguration;
			buildSettings = {
				ALWAYS_SEARCH_USER_PATHS = NO;
				CLANG_CXX_LANGUAGE_STANDARD = "gnu++0x";
				CLANG_CXX_LIBRARY = "libc++";
				CLANG_ENABLE_MODULES = YES;
				CLANG_ENABLE_OBJC_ARC = YES;
				CLANG_WARN_BOOL_CONVERSION = YES;
				CLANG_WARN_CONSTANT_CONVERSION = YES;
				CLANG_WARN_DIRECT_OBJC_ISA_USAGE = YES_ERROR;
				CLANG_WARN_EMPTY_BODY = YES;
				CLANG_WARN_ENUM_CONVERSION = YES;
				CLANG_WARN_INT_CONVERSION = YES;
				CLANG_WARN_OBJC_ROOT_CLASS = YES_ERROR;
				CLANG_WARN_UNREACHABLE_CODE = YES;
				CLANG_WARN__DUPLICATE_METHOD_MATCH = YES;
				"CODE_SIGN_IDENTITY[sdk=iphoneos*]" = "iPhone Developer";
				COPY_PHASE_STRIP = YES;
				ENABLE_NS_ASSERTIONS = NO;
				ENABLE_STRICT_OBJC_MSGSEND = YES;
				GCC_C_LANGUAGE_STANDARD = gnu99;
				GCC_WARN_64_TO_32_BIT_CONVERSION = YES;
				GCC_WARN_ABOUT_RETURN_TYPE = YES_ERROR;
				GCC_WARN_UNDECLARED_SELECTOR = YES;
				GCC_WARN_UNINITIALIZED_AUTOS = YES_AGGRESSIVE;
				GCC_WARN_UNUSED_FUNCTION = YES;
				GCC_WARN_UNUSED_VARIABLE = YES;
				IPHONEOS_DEPLOYMENT_TARGET = 8.1;
				MTL_ENABLE_DEBUG_INFO = NO;
				SDKROOT = iphoneos;
				VALIDATE_PRODUCT = YES;
			};
			name = Release;
		};
		6296E8641AABE4AA00A0FBAD /* Debug */ = {
			isa = XCBuildConfiguration;
			buildSettings = {
				ASSETCATALOG_COMPILER_APPICON_NAME = AppIcon;
				INFOPLIST_FILE = SampleProject/Info.plist;
				LD_RUNPATH_SEARCH_PATHS = "$(inherited) @executable_path/Frameworks";
				PRODUCT_NAME = "$(TARGET_NAME)";
			};
			name = Debug;
		};
		6296E8651AABE4AA00A0FBAD /* Release */ = {
			isa = XCBuildConfiguration;
			buildSettings = {
				ASSETCATALOG_COMPILER_APPICON_NAME = AppIcon;
				INFOPLIST_FILE = SampleProject/Info.plist;
				LD_RUNPATH_SEARCH_PATHS = "$(inherited) @executable_path/Frameworks";
				PRODUCT_NAME = "$(TARGET_NAME)";
			};
			name = Release;
		};
		6296E8671AABE4AA00A0FBAD /* Debug */ = {
			isa = XCBuildConfiguration;
			buildSettings = {
				BUNDLE_LOADER = "$(TEST_HOST)";
				FRAMEWORK_SEARCH_PATHS = (
					"$(SDKROOT)/Developer/Library/Frameworks",
					"$(inherited)",
				);
				GCC_PREPROCESSOR_DEFINITIONS = (
					"DEBUG=1",
					"$(inherited)",
				);
				INFOPLIST_FILE = SampleProjectTests/Info.plist;
				LD_RUNPATH_SEARCH_PATHS = "$(inherited) @executable_path/Frameworks @loader_path/Frameworks";
				PRODUCT_NAME = "$(TARGET_NAME)";
				TEST_HOST = "$(BUILT_PRODUCTS_DIR)/SampleProject.app/SampleProject";
			};
			name = Debug;
		};
		6296E8681AABE4AA00A0FBAD /* Release */ = {
			isa = XCBuildConfiguration;
			buildSettings = {
				BUNDLE_LOADER = "$(TEST_HOST)";
				FRAMEWORK_SEARCH_PATHS = (
					"$(SDKROOT)/Developer/Library/Frameworks",
					"$(inherited)",
				);
				INFOPLIST_FILE = SampleProjectTests/Info.plist;
				LD_RUNPATH_SEARCH_PATHS = "$(inherited) @executable_path/Frameworks @loader_path/Frameworks";
				PRODUCT_NAME = "$(TARGET_NAME)";
				TEST_HOST = "$(BUILT_PRODUCTS_DIR)/SampleProject.app/SampleProject";
			};
			name = Release;
		};
/* End XCBuildConfiguration section */

/* Begin XCConfigurationList section */
		6296E8381AABE4AA00A0FBAD /* Build configuration list for PBXProject "SampleProject" */ = {
			isa = XCConfigurationList;
			buildConfigurations = (
				6296E8611AABE4AA00A0FBAD /* Debug */,
				6296E8621AABE4AA00A0FBAD /* Release */,
			);
			defaultConfigurationIsVisible = 0;
			defaultConfigurationName = Release;
		};
		6296E8631AABE4AA00A0FBAD /* Build configuration list for PBXNativeTarget "SampleProject" */ = {
			isa = XCConfigurationList;
			buildConfigurations = (
				6296E8641AABE4AA00A0FBAD /* Debug */,
				6296E8651AABE4AA00A0FBAD /* Release */,
			);
			defaultConfigurationIsVisible = 0;
			defaultConfigurationName = Release;
		};
		6296E8661AABE4AA00A0FBAD /* Build configuration list for PBXNativeTarget "SampleProjectTests" */ = {
			isa = XCConfigurationList;
			buildConfigurations = (
				6296E8671AABE4AA00A0FBAD /* Debug */,
				6296E8681AABE4AA00A0FBAD /* Release */,
			);
			defaultConfigurationIsVisible = 0;
			defaultConfigurationName = Release;
		};
/* End XCConfigurationList section */

/* Begin XCVersionGroup section */
		6296E8471AABE4AA00A0FBAD /* SampleProject.xcdatamodeld */ = {
			isa = XCVersionGroup;
			children = (
				6296E8481AABE4AA00A0FBAD /* SampleProject.xcdatamodel */,
			);
			currentVersion = 6296E8481AABE4AA00A0FBAD /* SampleProject.xcdatamodel */;
			path = SampleProject.xcdatamodeld;
			sourceTree = "<group>";
			versionGroupType = wrapper.xcdatamodel;
		};
/* End XCVersionGroup section */
	};
	rootObject = 6296E8351AABE4AA00A0FBAD /* Project object */;
}
